
Microsoft Visual Studio Solution File, Format Version 12.00
# Visual Studio Version 16
VisualStudioVersion = 16.0.28315.86
MinimumVisualStudioVersion = 10.0.40219.1
Project("{9A19103F-16F7-4668-BE54-9A1E7A4F7556}") = "EPS", "EPS.csproj", "{0B9F53FB-DB66-4BA1-9042-C9B6DABE67BB}"
EndProject
Global
	GlobalSection(SolutionConfigurationPlatforms) = preSolution
		Debug|Any CPU = Debug|Any CPU
		Release|Any CPU = Release|Any CPU
	EndGlobalSection
	GlobalSection(ProjectConfigurationPlatforms) = postSolution
		{0B9F53FB-DB66-4BA1-9042-C9B6DABE67BB}.Debug|Any CPU.ActiveCfg = Debug|Any CPU
		{0B9F53FB-DB66-4BA1-9042-C9B6DABE67BB}.Debug|Any CPU.Build.0 = Debug|Any CPU
		{0B9F53FB-DB66-4BA1-9042-C9B6DABE67BB}.Release|Any CPU.ActiveCfg = Release|Any CPU
		{0B9F53FB-DB66-4BA1-9042-C9B6DABE67BB}.Release|Any CPU.Build.0 = Release|Any CPU
	EndGlobalSection
	GlobalSection(SolutionProperties) = preSolution
		HideSolutionNode = FALSE
	EndGlobalSection
	GlobalSection(ExtensibilityGlobals) = postSolution
		SolutionGuid = {B0BE4255-7722-4B1E-A771-66F897F28C26}
	EndGlobalSection
EndGlobal
